
Microsoft Visual Studio Solution File, Format Version 12.00
# Visual Studio Version 16
VisualStudioVersion = 16.0.30804.86
MinimumVisualStudioVersion = 10.0.40219.1
Project("{FAE04EC0-301F-11D3-BF4B-00C04F79EFBC}") = "WPFLibrary", "WPFLibrary\WPFLibrary.csproj", "{DBD06A3D-BA1C-4B3B-916C-2C23C08563D9}"
EndProject
Global
	GlobalSection(SolutionConfigurationPlatforms) = preSolution
		Debug|Any CPU = Debug|Any CPU
		Release|Any CPU = Release|Any CPU
	EndGlobalSection
	GlobalSection(ProjectConfigurationPlatforms) = postSolution
		{DBD06A3D-BA1C-4B3B-916C-2C23C08563D9}.Debug|Any CPU.ActiveCfg = Debug|Any CPU
		{DBD06A3D-BA1C-4B3B-916C-2C23C08563D9}.Debug|Any CPU.Build.0 = Debug|Any CPU
		{DBD06A3D-BA1C-4B3B-916C-2C23C08563D9}.Release|Any CPU.ActiveCfg = Release|Any CPU
		{DBD06A3D-BA1C-4B3B-916C-2C23C08563D9}.Release|Any CPU.Build.0 = Release|Any CPU
	EndGlobalSection
	GlobalSection(SolutionProperties) = preSolution
		HideSolutionNode = FALSE
	EndGlobalSection
	GlobalSection(ExtensibilityGlobals) = postSolution
		SolutionGuid = {1B80D71A-706A-4815-A6F4-C52857EEFA0E}
	EndGlobalSection
EndGlobal
